
Microsoft Visual Studio Solution File, Format Version 12.00
# Visual Studio Version 17
VisualStudioVersion = 17.4.33122.133
MinimumVisualStudioVersion = 10.0.40219.1
Project("{9A19103F-16F7-4668-BE54-9A1E7A4F7556}") = "Entities", "Entities\Entities.csproj", "{46963433-D883-424E-A4E3-D8DAF66C6C39}"
EndProject
Project("{9A19103F-16F7-4668-BE54-9A1E7A4F7556}") = "DataAccess", "DataAccess\DataAccess.csproj", "{9FB8998A-FEEB-4D45-8132-39DCA2DD084D}"
EndProject
Project("{9A19103F-16F7-4668-BE54-9A1E7A4F7556}") = "Business", "Business\Business.csproj", "{D6DDF07F-45FF-4E46-BBA2-4FAEEF10548B}"
EndProject
Project("{9A19103F-16F7-4668-BE54-9A1E7A4F7556}") = "Core", "Core\Core.csproj", "{69D6F3B3-7A08-4FE1-8A6F-02B269F7AC08}"
EndProject
Project("{FAE04EC0-301F-11D3-BF4B-00C04F79EFBC}") = "WebAPI", "WebAPI\WebAPI.csproj", "{00288AAB-D11B-4CFD-812D-EB8E0CD3BC1E}"
EndProject
Global
	GlobalSection(SolutionConfigurationPlatforms) = preSolution
		Debug|Any CPU = Debug|Any CPU
		Release|Any CPU = Release|Any CPU
	EndGlobalSection
	GlobalSection(ProjectConfigurationPlatforms) = postSolution
		{46963433-D883-424E-A4E3-D8DAF66C6C39}.Debug|Any CPU.ActiveCfg = Debug|Any CPU
		{46963433-D883-424E-A4E3-D8DAF66C6C39}.Debug|Any CPU.Build.0 = Debug|Any CPU
		{46963433-D883-424E-A4E3-D8DAF66C6C39}.Release|Any CPU.ActiveCfg = Release|Any CPU
		{46963433-D883-424E-A4E3-D8DAF66C6C39}.Release|Any CPU.Build.0 = Release|Any CPU
		{9FB8998A-FEEB-4D45-8132-39DCA2DD084D}.Debug|Any CPU.ActiveCfg = Debug|Any CPU
		{9FB8998A-FEEB-4D45-8132-39DCA2DD084D}.Debug|Any CPU.Build.0 = Debug|Any CPU
		{9FB8998A-FEEB-4D45-8132-39DCA2DD084D}.Release|Any CPU.ActiveCfg = Release|Any CPU
		{9FB8998A-FEEB-4D45-8132-39DCA2DD084D}.Release|Any CPU.Build.0 = Release|Any CPU
		{D6DDF07F-45FF-4E46-BBA2-4FAEEF10548B}.Debug|Any CPU.ActiveCfg = Debug|Any CPU
		{D6DDF07F-45FF-4E46-BBA2-4FAEEF10548B}.Debug|Any CPU.Build.0 = Debug|Any CPU
		{D6DDF07F-45FF-4E46-BBA2-4FAEEF10548B}.Release|Any CPU.ActiveCfg = Release|Any CPU
		{D6DDF07F-45FF-4E46-BBA2-4FAEEF10548B}.Release|Any CPU.Build.0 = Release|Any CPU
		{69D6F3B3-7A08-4FE1-8A6F-02B269F7AC08}.Debug|Any CPU.ActiveCfg = Debug|Any CPU
		{69D6F3B3-7A08-4FE1-8A6F-02B269F7AC08}.Debug|Any CPU.Build.0 = Debug|Any CPU
		{69D6F3B3-7A08-4FE1-8A6F-02B269F7AC08}.Release|Any CPU.ActiveCfg = Release|Any CPU
		{69D6F3B3-7A08-4FE1-8A6F-02B269F7AC08}.Release|Any CPU.Build.0 = Release|Any CPU
		{00288AAB-D11B-4CFD-812D-EB8E0CD3BC1E}.Debug|Any CPU.ActiveCfg = Debug|Any CPU
		{00288AAB-D11B-4CFD-812D-EB8E0CD3BC1E}.Debug|Any CPU.Build.0 = Debug|Any CPU
		{00288AAB-D11B-4CFD-812D-EB8E0CD3BC1E}.Release|Any CPU.ActiveCfg = Release|Any CPU
		{00288AAB-D11B-4CFD-812D-EB8E0CD3BC1E}.Release|Any CPU.Build.0 = Release|Any CPU
	EndGlobalSection
	GlobalSection(SolutionProperties) = preSolution
		HideSolutionNode = FALSE
	EndGlobalSection
	GlobalSection(ExtensibilityGlobals) = postSolution
		SolutionGuid = {695BC875-D098-489F-8B54-6A7E48239E09}
	EndGlobalSection
EndGlobal
